
Microsoft Visual Studio Solution File, Format Version 12.00
# Visual Studio Version 17
VisualStudioVersion = 17.0.31521.260
MinimumVisualStudioVersion = 10.0.40219.1
Project("{F184B08F-C81C-45F6-A57F-5ABD9991F28F}") = "zip2rmskin", "zip2rmskin\zip2rmskin.vbproj", "{5E7B252C-3869-48C2-813F-3C1AEBC5ADEE}"
EndProject
Global
	GlobalSection(SolutionConfigurationPlatforms) = preSolution
		Debug|Any CPU = Debug|Any CPU
		Release|Any CPU = Release|Any CPU
	EndGlobalSection
	GlobalSection(ProjectConfigurationPlatforms) = postSolution
		{5E7B252C-3869-48C2-813F-3C1AEBC5ADEE}.Debug|Any CPU.ActiveCfg = Debug|Any CPU
		{5E7B252C-3869-48C2-813F-3C1AEBC5ADEE}.Debug|Any CPU.Build.0 = Debug|Any CPU
		{5E7B252C-3869-48C2-813F-3C1AEBC5ADEE}.Release|Any CPU.ActiveCfg = Release|Any CPU
		{5E7B252C-3869-48C2-813F-3C1AEBC5ADEE}.Release|Any CPU.Build.0 = Release|Any CPU
	EndGlobalSection
	GlobalSection(SolutionProperties) = preSolution
		HideSolutionNode = FALSE
	EndGlobalSection
	GlobalSection(ExtensibilityGlobals) = postSolution
		SolutionGuid = {AEBF40C4-45C7-4BAA-8D08-9E07E6887FE4}
	EndGlobalSection
EndGlobal
